schema: '2.0'
stages:
  train:
    cmd: python train.py
    deps:
    - path: salary.csv
      hash: md5
      md5: f1ebef55ca3d3d5ed5a0e1d4df56c521
      size: 18598
    - path: train.py
      hash: md5
      md5: 39dc6e0f056b6d1ccc4e0cdb87be3021
      size: 1546
    outs:
    - path: salary_model.pkl
      hash: md5
      md5: 8ba42f070736eaa89f7d887d705a8a3a
      size: 1531274
