schema: '2.0'
stages:
  train:
    cmd: python train.py
    deps:
    - path: salary.csv
      hash: md5
      md5: 764ff8fe46597d80d469e951ba76ef5c
      size: 19360
    - path: train.py
      hash: md5
      md5: 39dc6e0f056b6d1ccc4e0cdb87be3021
      size: 1546
    outs:
    - path: salary_model.pkl
      hash: md5
      md5: 9ecb37260187ac62e828bd208bdfe2dc
      size: 1691578
